
Microsoft Visual Studio Solution File, Format Version 12.00
# Visual Studio Version 16
VisualStudioVersion = 16.0.32002.261
MinimumVisualStudioVersion = 10.0.40219.1
Project("{8BC9CEB8-8B4A-11D0-8D11-00A0C91BC942}") = "第二节课", "第二节课\第二节课.vcxproj", "{36CED198-D0F0-4AD7-9501-26E95EC5DEAA}"
EndProject
Global
	GlobalSection(SolutionConfigurationPlatforms) = preSolution
		Debug|x64 = Debug|x64
		Debug|x86 = Debug|x86
		Release|x64 = Release|x64
		Release|x86 = Release|x86
	EndGlobalSection
	GlobalSection(ProjectConfigurationPlatforms) = postSolution
		{36CED198-D0F0-4AD7-9501-26E95EC5DEAA}.Debug|x64.ActiveCfg = Debug|x64
		{36CED198-D0F0-4AD7-9501-26E95EC5DEAA}.Debug|x64.Build.0 = Debug|x64
		{36CED198-D0F0-4AD7-9501-26E95EC5DEAA}.Debug|x86.ActiveCfg = Debug|Win32
		{36CED198-D0F0-4AD7-9501-26E95EC5DEAA}.Debug|x86.Build.0 = Debug|Win32
		{36CED198-D0F0-4AD7-9501-26E95EC5DEAA}.Release|x64.ActiveCfg = Release|x64
		{36CED198-D0F0-4AD7-9501-26E95EC5DEAA}.Release|x64.Build.0 = Release|x64
		{36CED198-D0F0-4AD7-9501-26E95EC5DEAA}.Release|x86.ActiveCfg = Release|Win32
		{36CED198-D0F0-4AD7-9501-26E95EC5DEAA}.Release|x86.Build.0 = Release|Win32
	EndGlobalSection
	GlobalSection(SolutionProperties) = preSolution
		HideSolutionNode = FALSE
	EndGlobalSection
	GlobalSection(ExtensibilityGlobals) = postSolution
		SolutionGuid = {A126140F-D331-4DB6-9018-C3A6CCC2CEC9}
	EndGlobalSection
EndGlobal
